
Microsoft Visual Studio Solution File, Format Version 12.00
# Visual Studio Version 17
VisualStudioVersion = 17.4.33205.214
MinimumVisualStudioVersion = 10.0.40219.1
Project("{FAE04EC0-301F-11D3-BF4B-00C04F79EFBC}") = "CompetitionTaskMars", "CompetitionTaskMars\CompetitionTaskMars.csproj", "{29BDF465-4ABD-43B8-BD9B-A75EE2E909F3}"
EndProject
Global
	GlobalSection(SolutionConfigurationPlatforms) = preSolution
		Debug|Any CPU = Debug|Any CPU
		Release|Any CPU = Release|Any CPU
	EndGlobalSection
	GlobalSection(ProjectConfigurationPlatforms) = postSolution
		{29BDF465-4ABD-43B8-BD9B-A75EE2E909F3}.Debug|Any CPU.ActiveCfg = Debug|Any CPU
		{29BDF465-4ABD-43B8-BD9B-A75EE2E909F3}.Debug|Any CPU.Build.0 = Debug|Any CPU
		{29BDF465-4ABD-43B8-BD9B-A75EE2E909F3}.Release|Any CPU.ActiveCfg = Release|Any CPU
		{29BDF465-4ABD-43B8-BD9B-A75EE2E909F3}.Release|Any CPU.Build.0 = Release|Any CPU
	EndGlobalSection
	GlobalSection(SolutionProperties) = preSolution
		HideSolutionNode = FALSE
	EndGlobalSection
	GlobalSection(ExtensibilityGlobals) = postSolution
		SolutionGuid = {F8363446-F080-4278-8852-E7611DEC1821}
	EndGlobalSection
EndGlobal
